<?xml version="1.0" encoding="utf-8"?>
<Project ToolsVersion="4.0" xmlns="http://schemas.microsoft.com/developer/msbuild/2003">
  <ItemGroup>
    <Filter Include="源文件">
      <UniqueIdentifier>{4FC737F1-C7A5-4376-A066-2A32D752A2FF}</UniqueIdentifier>
      <Extensions>cpp;c;cc;cxx;def;odl;idl;hpj;bat;asm;asmx</Extensions>
    </Filter>
    <Filter Include="资源文件">
      <UniqueIdentifier>{67DA6AB6-F800-4c08-8B7A-83BB121AAD01}</UniqueIdentifier>
      <Extensions>rc;ico;cur;bmp;dlg;rc2;rct;bin;rgs;gif;jpg;jpeg;jpe;resx;tiff;tif;png;wav;mfcribbon-ms</Extensions>
    </Filter>
    <Filter Include="htmlcxx">
      <UniqueIdentifier>{0ea39e7f-da87-47ea-bfb1-5379c6dfed10}</UniqueIdentifier>
    </Filter>
    <Filter Include="htmlcxx\src">
      <UniqueIdentifier>{3546786a-3cc8-42e3-b309-4bcb8cc2ae35}</UniqueIdentifier>
    </Filter>
    <Filter Include="htmlcxx\头文件">
      <UniqueIdentifier>{bb73318d-8643-49d0-9c5e-498f99ac2731}</UniqueIdentifier>
    </Filter>
    <Filter Include="字符串拓展">
      <UniqueIdentifier>{93995380-89BD-4b04-88EB-625FBE52EBFB}</UniqueIdentifier>
      <Extensions>h;hh;hpp;hxx;hm;inl;inc;xsd</Extensions>
    </Filter>
    <Filter Include="文件操作">
      <UniqueIdentifier>{e4bfef1e-835c-45a1-b046-f1ddceb45334}</UniqueIdentifier>
    </Filter>
    <Filter Include="网络操作">
      <UniqueIdentifier>{b2ef3e4a-c424-44b8-a652-33e4408cf79e}</UniqueIdentifier>
    </Filter>
    <Filter Include="翻译英文">
      <UniqueIdentifier>{6b50fc44-4526-4914-bd72-9ebb81140322}</UniqueIdentifier>
    </Filter>
  </ItemGroup>
  <ItemGroup>
    <ClCompile Include="源.cpp">
      <Filter>源文件</Filter>
    </ClCompile>
    <ClCompile Include="htmlcxx\ParserDom.cc">
      <Filter>htmlcxx\src</Filter>
    </ClCompile>
    <ClCompile Include="htmlcxx\Extensions.cc">
      <Filter>htmlcxx\src</Filter>
    </ClCompile>
    <ClCompile Include="htmlcxx\Node.cc">
      <Filter>htmlcxx\src</Filter>
    </ClCompile>
    <ClCompile Include="翻译英文\TranslateEN.cpp">
      <Filter>翻译英文</Filter>
    </ClCompile>
    <ClCompile Include="网络操作\WEBOptions.cpp">
      <Filter>网络操作</Filter>
    </ClCompile>
    <ClCompile Include="文件操作\FileOptionsEx.cpp">
      <Filter>文件操作</Filter>
    </ClCompile>
    <ClCompile Include="字符串拓展\StringEx.cpp">
      <Filter>字符串拓展</Filter>
    </ClCompile>
    <ClCompile Include="htmlcxx\ParserSax.cc">
      <Filter>htmlcxx\src</Filter>
    </ClCompile>
  </ItemGroup>
  <ItemGroup>
    <ClInclude Include="htmlcxx\ParserDom.h">
      <Filter>htmlcxx\头文件</Filter>
    </ClInclude>
    <ClInclude Include="htmlcxx\Extensions.h">
      <Filter>htmlcxx\头文件</Filter>
    </ClInclude>
    <ClInclude Include="htmlcxx\ParserSax.h">
      <Filter>htmlcxx\头文件</Filter>
    </ClInclude>
    <ClInclude Include="htmlcxx\tree.h">
      <Filter>htmlcxx\头文件</Filter>
    </ClInclude>
    <ClInclude Include="htmlcxx\Node.h">
      <Filter>htmlcxx\头文件</Filter>
    </ClInclude>
    <ClInclude Include="翻译英文\TranslateEN.h">
      <Filter>翻译英文</Filter>
    </ClInclude>
    <ClInclude Include="网络操作\WEBOptions.h">
      <Filter>网络操作</Filter>
    </ClInclude>
    <ClInclude Include="文件操作\FileOptionsEx.h">
      <Filter>文件操作</Filter>
    </ClInclude>
    <ClInclude Include="字符串拓展\StringEx.h">
      <Filter>字符串拓展</Filter>
    </ClInclude>
  </ItemGroup>
</Project>